github.com/urfave/negroni v1.0.0 h1:kIimOitoypq34K7TG7DUaJ9kq/N4Ofuwi1sjz0KipXc=
github.com/urfave/negroni v1.0.0/go.mod h1:Meg73S6kFm/4PpbYdq35yYWoCZ9mS/YSx+lKnmiohz4=
github.com/xyproto/tinysvg v1.2.1 h1:rj2+8LwTYwSpi3elIKsWJd3fjNeFeso5GIUXCzbDWuU=
github.com/xyproto/tinysvg v1.2.1/go.mod h1:DKgmaYuFIvJab9ug4nH4ZG356VtUaKXG2mUU07GIurs=
