github.com/urfave/negroni v1.0.0 h1:kIimOitoypq34K7TG7DUaJ9kq/N4Ofuwi1sjz0KipXc=
github.com/urfave/negroni v1.0.0/go.mod h1:Meg73S6kFm/4PpbYdq35yYWoCZ9mS/YSx+lKnmiohz4=
github.com/xyproto/tinysvg v0.0.0-20191021102307-18490ff51f5f h1:aisD1L/8SPAPo2bw/vsA+7xYxRa5GSY9YRprn9Pm2xo=
github.com/xyproto/tinysvg v0.0.0-20191021102307-18490ff51f5f/go.mod h1:VxYks+aqnk4LulwRP6fGPZSzGNdb+Z+HZuUaSJz32Jk=
github.com/xyproto/tinysvg v0.0.0-20191021102652-2273b0663827 h1:+vSMsxF5htrqPJkD149TO3kUx76KVUM/Q/fxAku82qM=
github.com/xyproto/tinysvg v0.0.0-20191021102652-2273b0663827/go.mod h1:VxYks+aqnk4LulwRP6fGPZSzGNdb+Z+HZuUaSJz32Jk=
